// !$*UTF8*$!
{
	archiveVersion = 1;
	classes = {
	};
	objectVersion = 55;
	objects = {

/* Begin PBXBuildFile section */
		AD203F9428610FEE007DA238 /* Obstacle.swift in Sources */ = {isa = PBXBuildFile; fileRef = AD203F9328610FEE007DA238 /* Obstacle.swift */; };
		AD6D3BDE2860FFA0000F0025 /* HelicopterGameApp.swift in Sources */ = {isa = PBXBuildFile; fileRef = AD6D3BDD2860FFA0000F0025 /* HelicopterGameApp.swift */; };
		AD6D3BE02860FFA0000F0025 /* ContentView.swift in Sources */ = {isa = PBXBuildFile; fileRef = AD6D3BDF2860FFA0000F0025 /* ContentView.swift */; };
		AD6D3BE22860FFA5000F0025 /* Assets.xcassets in Resources */ = {isa = PBXBuildFile; fileRef = AD6D3BE12860FFA5000F0025 /* Assets.xcassets */; };
		AD6D3BE52860FFA5000F0025 /* Preview Assets.xcassets in Resources */ = {isa = PBXBuildFile; fileRef = AD6D3BE42860FFA5000F0025 /* Preview Assets.xcassets */; };
		AD6D3BED2860FFC8000F0025 /* Pixel.swift in Sources */ = {isa = PBXBuildFile; fileRef = AD6D3BEC2860FFC8000F0025 /* Pixel.swift */; };
		AD6D3BEF28610157000F0025 /* Helicopter.swift in Sources */ = {isa = PBXBuildFile; fileRef = AD6D3BEE28610156000F0025 /* Helicopter.swift */; };
/* End PBXBuildFile section */

/* Begin PBXFileReference section */
		AD203F9328610FEE007DA238 /* Obstacle.swift */ = {isa = PBXFileReference; lastKnownFileType = sourcecode.swift; path = Obstacle.swift; sourceTree = "<group>"; };
		AD6D3BDA2860FFA0000F0025 /* HelicopterGame.app */ = {isa = PBXFileReference; explicitFileType = wrapper.application; includeInIndex = 0; path = HelicopterGame.app; sourceTree = BUILT_PRODUCTS_DIR; };
		AD6D3BDD2860FFA0000F0025 /* HelicopterGameApp.swift */ = {isa = PBXFileReference; lastKnownFileType = sourcecode.swift; path = HelicopterGameApp.swift; sourceTree = "<group>"; };
		AD6D3BDF2860FFA0000F0025 /* ContentView.swift */ = {isa = PBXFileReference; lastKnownFileType = sourcecode.swift; path = ContentView.swift; sourceTree = "<group>"; };
		AD6D3BE12860FFA5000F0025 /* Assets.xcassets */ = {isa = PBXFileReference; lastKnownFileType = folder.assetcatalog; path = Assets.xcassets; sourceTree = "<group>"; };
		AD6D3BE42860FFA5000F0025 /* Preview Assets.xcassets */ = {isa = PBXFileReference; lastKnownFileType = folder.assetcatalog; path = "Preview Assets.xcassets"; sourceTree = "<group>"; };
		AD6D3BEC2860FFC8000F0025 /* Pixel.swift */ = {isa = PBXFileReference; lastKnownFileType = sourcecode.swift; path = Pixel.swift; sourceTree = "<group>"; };
		AD6D3BEE28610156000F0025 /* Helicopter.swift */ = {isa = PBXFileReference; lastKnownFileType = sourcecode.swift; path = Helicopter.swift; sourceTree = "<group>"; };
/* End PBXFileReference section */

/* Begin PBXFrameworksBuildPhase section */
		AD6D3BD72860FFA0000F0025 /* Frameworks */ = {
			isa = PBXFrameworksBuildPhase;
			buildActionMask = 2147483647;
			files = (
			);
			runOnlyForDeploymentPostprocessing = 0;
		};
/* End PBXFrameworksBuildPhase section */

/* Begin PBXGroup section */
		AD6D3BD12860FFA0000F0025 = {
			isa = PBXGroup;
			children = (
				AD6D3BDC2860FFA0000F0025 /* HelicopterGame */,
				AD6D3BDB2860FFA0000F0025 /* Products */,
			);
			sourceTree = "<group>";
		};
		AD6D3BDB2860FFA0000F0025 /* Products */ = {
			isa = PBXGroup;
			children = (
				AD6D3BDA2860FFA0000F0025 /* HelicopterGame.app */,
			);
			name = Products;
			sourceTree = "<group>";
		};
		AD6D3BDC2860FFA0000F0025 /* HelicopterGame */ = {
			isa = PBXGroup;
			children = (
				AD6D3BDD2860FFA0000F0025 /* HelicopterGameApp.swift */,
				AD6D3BDF2860FFA0000F0025 /* ContentView.swift */,
				AD6D3BEB2860FFB2000F0025 /* Components */,
				AD6D3BE12860FFA5000F0025 /* Assets.xcassets */,
				AD6D3BE32860FFA5000F0025 /* Preview Content */,
			);
			path = HelicopterGame;
			sourceTree = "<group>";
		};
		AD6D3BE32860FFA5000F0025 /* Preview Content */ = {
			isa = PBXGroup;
			children = (
				AD6D3BE42860FFA5000F0025 /* Preview Assets.xcassets */,
			);
			path = "Preview Content";
			sourceTree = "<group>";
		};
		AD6D3BEB2860FFB2000F0025 /* Components */ = {
			isa = PBXGroup;
			children = (
				AD6D3BEC2860FFC8000F0025 /* Pixel.swift */,
				AD6D3BEE28610156000F0025 /* Helicopter.swift */,
				AD203F9328610FEE007DA238 /* Obstacle.swift */,
			);
			name = Components;
			sourceTree = "<group>";
		};
/* End PBXGroup section */

/* Begin PBXNativeTarget section */
		AD6D3BD92860FFA0000F0025 /* HelicopterGame */ = {
			isa = PBXNativeTarget;
			buildConfigurationList = AD6D3BE82860FFA5000F0025 /* Build configuration list for PBXNativeTarget "HelicopterGame" */;
			buildPhases = (
				AD6D3BD62860FFA0000F0025 /* Sources */,
				AD6D3BD72860FFA0000F0025 /* Frameworks */,
				AD6D3BD82860FFA0000F0025 /* Resources */,
			);
			buildRules = (
			);
			dependencies = (
			);
			name = HelicopterGame;
			productName = HelicopterGame;
			productReference = AD6D3BDA2860FFA0000F0025 /* HelicopterGame.app */;
			productType = "com.apple.product-type.application";
		};
/* End PBXNativeTarget section */

/* Begin PBXProject section */
		AD6D3BD22860FFA0000F0025 /* Project object */ = {
			isa = PBXProject;
			attributes = {
				BuildIndependentTargetsInParallel = 1;
				LastSwiftUpdateCheck = 1340;
				LastUpgradeCheck = 1340;
				TargetAttributes = {
					AD6D3BD92860FFA0000F0025 = {
						CreatedOnToolsVersion = 13.4.1;
					};
				};
			};
			buildConfigurationList = AD6D3BD52860FFA0000F0025 /* Build configuration list for PBXProject "HelicopterGame" */;
			compatibilityVersion = "Xcode 13.0";
			developmentRegion = en;
			hasScannedForEncodings = 0;
			knownRegions = (
				en,
				Base,
			);
			mainGroup = AD6D3BD12860FFA0000F0025;
			productRefGroup = AD6D3BDB2860FFA0000F0025 /* Products */;
			projectDirPath = "";
			projectRoot = "";
			targets = (
				AD6D3BD92860FFA0000F0025 /* HelicopterGame */,
			);
		};
/* End PBXProject section */

/* Begin PBXResourcesBuildPhase section */
		AD6D3BD82860FFA0000F0025 /* Resources */ = {
			isa = PBXResourcesBuildPhase;
			buildActionMask = 2147483647;
			files = (
				AD6D3BE52860FFA5000F0025 /* Preview Assets.xcassets in Resources */,
				AD6D3BE22860FFA5000F0025 /* Assets.xcassets in Resources */,
			);
			runOnlyForDeploymentPostprocessing = 0;
		};
/* End PBXResourcesBuildPhase section */

/* Begin PBXSourcesBuildPhase section */
		AD6D3BD62860FFA0000F0025 /* Sources */ = {
			isa = PBXSourcesBuildPhase;
			buildActionMask = 2147483647;
			files = (
				AD6D3BE02860FFA0000F0025 /* ContentView.swift in Sources */,
				AD6D3BED2860FFC8000F0025 /* Pixel.swift in Sources */,
				AD203F9428610FEE007DA238 /* Obstacle.swift in Sources */,
				AD6D3BEF28610157000F0025 /* Helicopter.swift in Sources */,
				AD6D3BDE2860FFA0000F0025 /* HelicopterGameApp.swift in Sources */,
			);
			runOnlyForDeploymentPostprocessing = 0;
		};
/* End PBXSourcesBuildPhase section */

/* Begin XCBuildConfiguration section */
		AD6D3BE62860FFA5000F0025 /* Debug */ = {
			isa = XCBuildConfiguration;
			buildSettings = {
				ALWAYS_SEARCH_USER_PATHS = NO;
				CLANG_ANALYZER_NONNULL = YES;
				CLANG_ANALYZER_NUMBER_OBJECT_CONVERSION = YES_AGGRESSIVE;
				CLANG_CXX_LANGUAGE_STANDARD = "gnu++17";
				CLANG_ENABLE_MODULES = YES;
				CLANG_ENABLE_OBJC_ARC = YES;
				CLANG_ENABLE_OBJC_WEAK = YES;
				CLANG_WARN_BLOCK_CAPTURE_AUTORELEASING = YES;
				CLANG_WARN_BOOL_CONVERSION = YES;
				CLANG_WARN_COMMA = YES;
				CLANG_WARN_CONSTANT_CONVERSION = YES;
				CLANG_WARN_DEPRECATED_OBJC_IMPLEMENTATIONS = YES;
				CLANG_WARN_DIRECT_OBJC_ISA_USAGE = YES_ERROR;
				CLANG_WARN_DOCUMENTATION_COMMENTS = YES;
				CLANG_WARN_EMPTY_BODY = YES;
				CLANG_WARN_ENUM_CONVERSION = YES;
				CLANG_WARN_INFINITE_RECURSION = YES;
				CLANG_WARN_INT_CONVERSION = YES;
				CLANG_WARN_NON_LITERAL_NULL_CONVERSION = YES;
				CLANG_WARN_OBJC_IMPLICIT_RETAIN_SELF = YES;
				CLANG_WARN_OBJC_LITERAL_CONVERSION = YES;
				CLANG_WARN_OBJC_ROOT_CLASS = YES_ERROR;
				CLANG_WARN_QUOTED_INCLUDE_IN_FRAMEWORK_HEADER = YES;
				CLANG_WARN_RANGE_LOOP_ANALYSIS = YES;
				CLANG_WARN_STRICT_PROTOTYPES = YES;
				CLANG_WARN_SUSPICIOUS_MOVE = YES;
				CLANG_WARN_UNGUARDED_AVAILABILITY = YES_AGGRESSIVE;
				CLANG_WARN_UNREACHABLE_CODE = YES;
				CLANG_WARN__DUPLICATE_METHOD_MATCH = YES;
				COPY_PHASE_STRIP = NO;
				DEBUG_INFORMATION_FORMAT = dwarf;
				ENABLE_STRICT_OBJC_MSGSEND = YES;
				ENABLE_TESTABILITY = YES;
				GCC_C_LANGUAGE_STANDARD = gnu11;
				GCC_DYNAMIC_NO_PIC = NO;
				GCC_NO_COMMON_BLOCKS = YES;
				GCC_OPTIMIZATION_LEVEL = 0;
				GCC_PREPROCESSOR_DEFINITIONS = (
					"DEBUG=1",
					"$(inherited)",
				);
				GCC_WARN_64_TO_32_BIT_CONVERSION = YES;
				GCC_WARN_ABOUT_RETURN_TYPE = YES_ERROR;
				GCC_WARN_UNDECLARED_SELECTOR = YES;
				GCC_WARN_UNINITIALIZED_AUTOS = YES_AGGRESSIVE;
				GCC_WARN_UNUSED_FUNCTION = YES;
				GCC_WARN_UNUSED_VARIABLE = YES;
				IPHONEOS_DEPLOYMENT_TARGET = 15.5;
				MTL_ENABLE_DEBUG_INFO = INCLUDE_SOURCE;
				MTL_FAST_MATH = YES;
				ONLY_ACTIVE_ARCH = YES;
				SDKROOT = iphoneos;
				SWIFT_ACTIVE_COMPILATION_CONDITIONS = DEBUG;
				SWIFT_OPTIMIZATION_LEVEL = "-Onone";
			};
			name = Debug;
		};
		AD6D3BE72860FFA5000F0025 /* Release */ = {
			isa = XCBuildConfiguration;
			buildSettings = {
				ALWAYS_SEARCH_USER_PATHS = NO;
				CLANG_ANALYZER_NONNULL = YES;
				CLANG_ANALYZER_NUMBER_OBJECT_CONVERSION = YES_AGGRESSIVE;
				CLANG_CXX_LANGUAGE_STANDARD = "gnu++17";
				CLANG_ENABLE_MODULES = YES;
				CLANG_ENABLE_OBJC_ARC = YES;
				CLANG_ENABLE_OBJC_WEAK = YES;
				CLANG_WARN_BLOCK_CAPTURE_AUTORELEASING = YES;
				CLANG_WARN_BOOL_CONVERSION = YES;
				CLANG_WARN_COMMA = YES;
				CLANG_WARN_CONSTANT_CONVERSION = YES;
				CLANG_WARN_DEPRECATED_OBJC_IMPLEMENTATIONS = YES;
				CLANG_WARN_DIRECT_OBJC_ISA_USAGE = YES_ERROR;
				CLANG_WARN_DOCUMENTATION_COMMENTS = YES;
				CLANG_WARN_EMPTY_BODY = YES;
				CLANG_WARN_ENUM_CONVERSION = YES;
				CLANG_WARN_INFINITE_RECURSION = YES;
				CLANG_WARN_INT_CONVERSION = YES;
				CLANG_WARN_NON_LITERAL_NULL_CONVERSION = YES;
				CLANG_WARN_OBJC_IMPLICIT_RETAIN_SELF = YES;
				CLANG_WARN_OBJC_LITERAL_CONVERSION = YES;
				CLANG_WARN_OBJC_ROOT_CLASS = YES_ERROR;
				CLANG_WARN_QUOTED_INCLUDE_IN_FRAMEWORK_HEADER = YES;
				CLANG_WARN_RANGE_LOOP_ANALYSIS = YES;
				CLANG_WARN_STRICT_PROTOTYPES = YES;
				CLANG_WARN_SUSPICIOUS_MOVE = YES;
				CLANG_WARN_UNGUARDED_AVAILABILITY = YES_AGGRESSIVE;
				CLANG_WARN_UNREACHABLE_CODE = YES;
				CLANG_WARN__DUPLICATE_METHOD_MATCH = YES;
				COPY_PHASE_STRIP = NO;
				DEBUG_INFORMATION_FORMAT = "dwarf-with-dsym";
				ENABLE_NS_ASSERTIONS = NO;
				ENABLE_STRICT_OBJC_MSGSEND = YES;
				GCC_C_LANGUAGE_STANDARD = gnu11;
				GCC_NO_COMMON_BLOCKS = YES;
				GCC_WARN_64_TO_32_BIT_CONVERSION = YES;
				GCC_WARN_ABOUT_RETURN_TYPE = YES_ERROR;
				GCC_WARN_UNDECLARED_SELECTOR = YES;
				GCC_WARN_UNINITIALIZED_AUTOS = YES_AGGRESSIVE;
				GCC_WARN_UNUSED_FUNCTION = YES;
				GCC_WARN_UNUSED_VARIABLE = YES;
				IPHONEOS_DEPLOYMENT_TARGET = 15.5;
				MTL_ENABLE_DEBUG_INFO = NO;
				MTL_FAST_MATH = YES;
				SDKROOT = iphoneos;
				SWIFT_COMPILATION_MODE = wholemodule;
				SWIFT_OPTIMIZATION_LEVEL = "-O";
				VALIDATE_PRODUCT = YES;
			};
			name = Release;
		};
		AD6D3BE92860FFA5000F0025 /* Debug */ = {
			isa = XCBuildConfiguration;
			buildSettings = {
				ASSETCATALOG_COMPILER_APPICON_NAME = AppIcon;
				ASSETCATALOG_COMPILER_GLOBAL_ACCENT_COLOR_NAME = AccentColor;
				CODE_SIGN_STYLE = Automatic;
				CURRENT_PROJECT_VERSION = 1;
				DEVELOPMENT_ASSET_PATHS = "\"HelicopterGame/Preview Content\"";
				DEVELOPMENT_TEAM = WCA4WY5YCT;
				ENABLE_PREVIEWS = YES;
				GENERATE_INFOPLIST_FILE = YES;
				INFOPLIST_KEY_UIApplicationSceneManifest_Generation = YES;
				INFOPLIST_KEY_UIApplicationSupportsIndirectInputEvents = YES;
				INFOPLIST_KEY_UILaunchScreen_Generation = YES;
				INFOPLIST_KEY_UISupportedInterfaceOrientations_iPad = "UIInterfaceOrientationPortrait UIInterfaceOrientationPortraitUpsideDown UIInterfaceOrientationLandscapeLeft UIInterfaceOrientationLandscapeRight";
				INFOPLIST_KEY_UISupportedInterfaceOrientations_iPhone = "UIInterfaceOrientationPortrait UIInterfaceOrientationLandscapeLeft UIInterfaceOrientationLandscapeRight";
				LD_RUNPATH_SEARCH_PATHS = (
					"$(inherited)",
					"@executable_path/Frameworks",
				);
				MARKETING_VERSION = 1.0;
				PRODUCT_BUNDLE_IDENTIFIER = com.Khidr.HelicopterGame;
				PRODUCT_NAME = "$(TARGET_NAME)";
				SWIFT_EMIT_LOC_STRINGS = YES;
				SWIFT_VERSION = 5.0;
				TARGETED_DEVICE_FAMILY = "1,2";
			};
			name = Debug;
		};
		AD6D3BEA2860FFA5000F0025 /* Release */ = {
			isa = XCBuildConfiguration;
			buildSettings = {
				ASSETCATALOG_COMPILER_APPICON_NAME = AppIcon;
				ASSETCATALOG_COMPILER_GLOBAL_ACCENT_COLOR_NAME = AccentColor;
				CODE_SIGN_STYLE = Automatic;
				CURRENT_PROJECT_VERSION = 1;
				DEVELOPMENT_ASSET_PATHS = "\"HelicopterGame/Preview Content\"";
				DEVELOPMENT_TEAM = WCA4WY5YCT;
				ENABLE_PREVIEWS = YES;
				GENERATE_INFOPLIST_FILE = YES;
				INFOPLIST_KEY_UIApplicationSceneManifest_Generation = YES;
				INFOPLIST_KEY_UIApplicationSupportsIndirectInputEvents = YES;
				INFOPLIST_KEY_UILaunchScreen_Generation = YES;
				INFOPLIST_KEY_UISupportedInterfaceOrientations_iPad = "UIInterfaceOrientationPortrait UIInterfaceOrientationPortraitUpsideDown UIInterfaceOrientationLandscapeLeft UIInterfaceOrientationLandscapeRight";
				INFOPLIST_KEY_UISupportedInterfaceOrientations_iPhone = "UIInterfaceOrientationPortrait UIInterfaceOrientationLandscapeLeft UIInterfaceOrientationLandscapeRight";
				LD_RUNPATH_SEARCH_PATHS = (
					"$(inherited)",
					"@executable_path/Frameworks",
				);
				MARKETING_VERSION = 1.0;
				PRODUCT_BUNDLE_IDENTIFIER = com.Khidr.HelicopterGame;
				PRODUCT_NAME = "$(TARGET_NAME)";
				SWIFT_EMIT_LOC_STRINGS = YES;
				SWIFT_VERSION = 5.0;
				TARGETED_DEVICE_FAMILY = "1,2";
			};
			name = Release;
		};
/* End XCBuildConfiguration section */

/* Begin XCConfigurationList section */
		AD6D3BD52860FFA0000F0025 /* Build configuration list for PBXProject "HelicopterGame" */ = {
			isa = XCConfigurationList;
			buildConfigurations = (
				AD6D3BE62860FFA5000F0025 /* Debug */,
				AD6D3BE72860FFA5000F0025 /* Release */,
			);
			defaultConfigurationIsVisible = 0;
			defaultConfigurationName = Release;
		};
		AD6D3BE82860FFA5000F0025 /* Build configuration list for PBXNativeTarget "HelicopterGame" */ = {
			isa = XCConfigurationList;
			buildConfigurations = (
				AD6D3BE92860FFA5000F0025 /* Debug */,
				AD6D3BEA2860FFA5000F0025 /* Release */,
			);
			defaultConfigurationIsVisible = 0;
			defaultConfigurationName = Release;
		};
/* End XCConfigurationList section */
	};
	rootObject = AD6D3BD22860FFA0000F0025 /* Project object */;
}
